
Microsoft Visual Studio Solution File, Format Version 12.00
# Visual Studio 14
VisualStudioVersion = 14.0.25420.1
MinimumVisualStudioVersion = 10.0.40219.1
Project("{FAE04EC0-301F-11D3-BF4B-00C04F79EFBC}") = "MyFilm", "MyFilm\MyFilm.csproj", "{2C66D6A0-C85C-4893-8737-B33AEC44EF37}"
EndProject
Project("{FAE04EC0-301F-11D3-BF4B-00C04F79EFBC}") = "HttpServer", "HttpServer\HttpServer.csproj", "{F03270FD-50D0-4D2E-B446-F733702660BB}"
EndProject
Global
	GlobalSection(SolutionConfigurationPlatforms) = preSolution
		Debug|Any CPU = Debug|Any CPU
		Release|Any CPU = Release|Any CPU
	EndGlobalSection
	GlobalSection(ProjectConfigurationPlatforms) = postSolution
		{2C66D6A0-C85C-4893-8737-B33AEC44EF37}.Debug|Any CPU.ActiveCfg = Debug|Any CPU
		{2C66D6A0-C85C-4893-8737-B33AEC44EF37}.Debug|Any CPU.Build.0 = Debug|Any CPU
		{2C66D6A0-C85C-4893-8737-B33AEC44EF37}.Release|Any CPU.ActiveCfg = Release|Any CPU
		{2C66D6A0-C85C-4893-8737-B33AEC44EF37}.Release|Any CPU.Build.0 = Release|Any CPU
		{F03270FD-50D0-4D2E-B446-F733702660BB}.Debug|Any CPU.ActiveCfg = Debug|Any CPU
		{F03270FD-50D0-4D2E-B446-F733702660BB}.Debug|Any CPU.Build.0 = Debug|Any CPU
		{F03270FD-50D0-4D2E-B446-F733702660BB}.Release|Any CPU.ActiveCfg = Release|Any CPU
		{F03270FD-50D0-4D2E-B446-F733702660BB}.Release|Any CPU.Build.0 = Release|Any CPU
	EndGlobalSection
	GlobalSection(SolutionProperties) = preSolution
		HideSolutionNode = FALSE
	EndGlobalSection
EndGlobal
